
Microsoft Visual Studio Solution File, Format Version 12.00
# Visual Studio Version 16
VisualStudioVersion = 16.0.31005.135
MinimumVisualStudioVersion = 10.0.40219.1
Project("{FAE04EC0-301F-11D3-BF4B-00C04F79EFBC}") = "4_031_PrimoEsercizioMana[Delegate]", "4_031_PrimoEsercizioMana[Delegate]\4_031_PrimoEsercizioMana[Delegate].csproj", "{F3CA3B5F-2D30-4B3A-B6B2-5BB0CFF11D96}"
EndProject
Global
	GlobalSection(SolutionConfigurationPlatforms) = preSolution
		Debug|Any CPU = Debug|Any CPU
		Release|Any CPU = Release|Any CPU
	EndGlobalSection
	GlobalSection(ProjectConfigurationPlatforms) = postSolution
		{F3CA3B5F-2D30-4B3A-B6B2-5BB0CFF11D96}.Debug|Any CPU.ActiveCfg = Debug|Any CPU
		{F3CA3B5F-2D30-4B3A-B6B2-5BB0CFF11D96}.Debug|Any CPU.Build.0 = Debug|Any CPU
		{F3CA3B5F-2D30-4B3A-B6B2-5BB0CFF11D96}.Release|Any CPU.ActiveCfg = Release|Any CPU
		{F3CA3B5F-2D30-4B3A-B6B2-5BB0CFF11D96}.Release|Any CPU.Build.0 = Release|Any CPU
	EndGlobalSection
	GlobalSection(SolutionProperties) = preSolution
		HideSolutionNode = FALSE
	EndGlobalSection
	GlobalSection(ExtensibilityGlobals) = postSolution
		SolutionGuid = {CB443982-C30B-4475-8633-EAD76B5E5EB4}
	EndGlobalSection
EndGlobal
