
Microsoft Visual Studio Solution File, Format Version 12.00
# Visual Studio Version 16
VisualStudioVersion = 16.0.30717.126
MinimumVisualStudioVersion = 10.0.40219.1
Project("{FAE04EC0-301F-11D3-BF4B-00C04F79EFBC}") = "4_021_OPP complessi e quaternoni", "4_021_OPP complessi e quaternoni\4_021_OPP complessi e quaternoni.csproj", "{A8A1636E-5D8F-4D31-A1D9-15773C4072CC}"
EndProject
Global
	GlobalSection(SolutionConfigurationPlatforms) = preSolution
		Debug|Any CPU = Debug|Any CPU
		Release|Any CPU = Release|Any CPU
	EndGlobalSection
	GlobalSection(ProjectConfigurationPlatforms) = postSolution
		{A8A1636E-5D8F-4D31-A1D9-15773C4072CC}.Debug|Any CPU.ActiveCfg = Debug|Any CPU
		{A8A1636E-5D8F-4D31-A1D9-15773C4072CC}.Debug|Any CPU.Build.0 = Debug|Any CPU
		{A8A1636E-5D8F-4D31-A1D9-15773C4072CC}.Release|Any CPU.ActiveCfg = Release|Any CPU
		{A8A1636E-5D8F-4D31-A1D9-15773C4072CC}.Release|Any CPU.Build.0 = Release|Any CPU
	EndGlobalSection
	GlobalSection(SolutionProperties) = preSolution
		HideSolutionNode = FALSE
	EndGlobalSection
	GlobalSection(ExtensibilityGlobals) = postSolution
		SolutionGuid = {02EBC75E-AC93-47E4-9A61-28CFBB7AC592}
	EndGlobalSection
EndGlobal
